Microsoft Visual Studio Solution File, Format Version 12.00
# Visual Studio Version 17
VisualStudioVersion = 17.5.2.0
MinimumVisualStudioVersion = 10.0.40219.1
Project("{FAE04EC0-301F-11D3-BF4B-00C04F79EFBC}") = "Invoice", "Invoice.csproj", "{5A3576F5-514B-14CF-E815-0AAC3EA45BBC}"
EndProject
Global
	GlobalSection(SolutionConfigurationPlatforms) = preSolution
		Debug|Any CPU = Debug|Any CPU
		Release|Any CPU = Release|Any CPU
	EndGlobalSection
	GlobalSection(ProjectConfigurationPlatforms) = postSolution
		{5A3576F5-514B-14CF-E815-0AAC3EA45BBC}.Debug|Any CPU.ActiveCfg = Debug|Any CPU
		{5A3576F5-514B-14CF-E815-0AAC3EA45BBC}.Debug|Any CPU.Build.0 = Debug|Any CPU
		{5A3576F5-514B-14CF-E815-0AAC3EA45BBC}.Release|Any CPU.ActiveCfg = Release|Any CPU
		{5A3576F5-514B-14CF-E815-0AAC3EA45BBC}.Release|Any CPU.Build.0 = Release|Any CPU
	EndGlobalSection
	GlobalSection(SolutionProperties) = preSolution
		HideSolutionNode = FALSE
	EndGlobalSection
	GlobalSection(ExtensibilityGlobals) = postSolution
		SolutionGuid = {9988E4EE-7FA6-4E33-98AD-32BD7E9A385E}
	EndGlobalSection
EndGlobal
